
Microsoft Visual Studio Solution File, Format Version 12.00
# Visual Studio Version 16
VisualStudioVersion = 16.0.28714.193
MinimumVisualStudioVersion = 10.0.40219.1
Project("{9A19103F-16F7-4668-BE54-9A1E7A4F7556}") = "Sakuno.Base", "src\Sakuno.Base\Sakuno.Base.csproj", "{B28D5D45-4F14-4336-B71C-0031DAECC883}"
	ProjectSection(ProjectDependencies) = postProject
		{520818D2-DC16-4883-98EA-7C046B730AF3} = {520818D2-DC16-4883-98EA-7C046B730AF3}
	EndProjectSection
EndProject
Project("{2150E333-8FDC-42A3-9474-1A3956D46DE8}") = "tests", "tests", "{0DF0E367-DB03-4AE6-819C-55B2F79DFC05}"
EndProject
Project("{9A19103F-16F7-4668-BE54-9A1E7A4F7556}") = "Sakuno.Base.Tests.Core30", "tests\Sakuno.Base.Tests.Core30\Sakuno.Base.Tests.Core30.csproj", "{B72C9A4B-DD58-488C-8459-E753E1B3CF85}"
EndProject
Project("{9A19103F-16F7-4668-BE54-9A1E7A4F7556}") = "Sakuno.Base.Tests.Core22", "tests\Sakuno.Base.Tests.Core22\Sakuno.Base.Tests.Core22.csproj", "{7D54BCD4-6CE7-4214-97C5-03AA0AD9E2EC}"
EndProject
Project("{9A19103F-16F7-4668-BE54-9A1E7A4F7556}") = "Sakuno.Base.Tests.Fx462", "tests\Sakuno.Base.Tests.Fx462\Sakuno.Base.Tests.Fx462.csproj", "{390E5E2D-5D35-4917-9023-0DE0F5238CCC}"
EndProject
Project("{2150E333-8FDC-42A3-9474-1A3956D46DE8}") = "Solution Items", "Solution Items", "{B7499408-B9F8-4403-A8D9-AF9FAEE7C7AE}"
	ProjectSection(SolutionItems) = preProject
		appveyor.yml = appveyor.yml
		README.md = README.md
	EndProjectSection
EndProject
Project("{9A19103F-16F7-4668-BE54-9A1E7A4F7556}") = "Weavers", "Weavers\Weavers.csproj", "{520818D2-DC16-4883-98EA-7C046B730AF3}"
EndProject
Global
	GlobalSection(SolutionConfigurationPlatforms) = preSolution
		Debug|Any CPU = Debug|Any CPU
		Release|Any CPU = Release|Any CPU
	EndGlobalSection
	GlobalSection(ProjectConfigurationPlatforms) = postSolution
		{B28D5D45-4F14-4336-B71C-0031DAECC883}.Debug|Any CPU.ActiveCfg = Debug|Any CPU
		{B28D5D45-4F14-4336-B71C-0031DAECC883}.Debug|Any CPU.Build.0 = Debug|Any CPU
		{B28D5D45-4F14-4336-B71C-0031DAECC883}.Release|Any CPU.ActiveCfg = Release|Any CPU
		{B28D5D45-4F14-4336-B71C-0031DAECC883}.Release|Any CPU.Build.0 = Release|Any CPU
		{B72C9A4B-DD58-488C-8459-E753E1B3CF85}.Debug|Any CPU.ActiveCfg = Debug|Any CPU
		{B72C9A4B-DD58-488C-8459-E753E1B3CF85}.Debug|Any CPU.Build.0 = Debug|Any CPU
		{B72C9A4B-DD58-488C-8459-E753E1B3CF85}.Release|Any CPU.ActiveCfg = Release|Any CPU
		{B72C9A4B-DD58-488C-8459-E753E1B3CF85}.Release|Any CPU.Build.0 = Release|Any CPU
		{7D54BCD4-6CE7-4214-97C5-03AA0AD9E2EC}.Debug|Any CPU.ActiveCfg = Debug|Any CPU
		{7D54BCD4-6CE7-4214-97C5-03AA0AD9E2EC}.Debug|Any CPU.Build.0 = Debug|Any CPU
		{7D54BCD4-6CE7-4214-97C5-03AA0AD9E2EC}.Release|Any CPU.ActiveCfg = Release|Any CPU
		{7D54BCD4-6CE7-4214-97C5-03AA0AD9E2EC}.Release|Any CPU.Build.0 = Release|Any CPU
		{390E5E2D-5D35-4917-9023-0DE0F5238CCC}.Debug|Any CPU.ActiveCfg = Debug|Any CPU
		{390E5E2D-5D35-4917-9023-0DE0F5238CCC}.Debug|Any CPU.Build.0 = Debug|Any CPU
		{390E5E2D-5D35-4917-9023-0DE0F5238CCC}.Release|Any CPU.ActiveCfg = Release|Any CPU
		{390E5E2D-5D35-4917-9023-0DE0F5238CCC}.Release|Any CPU.Build.0 = Release|Any CPU
		{520818D2-DC16-4883-98EA-7C046B730AF3}.Debug|Any CPU.ActiveCfg = Debug|Any CPU
		{520818D2-DC16-4883-98EA-7C046B730AF3}.Debug|Any CPU.Build.0 = Debug|Any CPU
		{520818D2-DC16-4883-98EA-7C046B730AF3}.Release|Any CPU.ActiveCfg = Release|Any CPU
		{520818D2-DC16-4883-98EA-7C046B730AF3}.Release|Any CPU.Build.0 = Release|Any CPU
	EndGlobalSection
	GlobalSection(SolutionProperties) = preSolution
		HideSolutionNode = FALSE
	EndGlobalSection
	GlobalSection(NestedProjects) = preSolution
		{B72C9A4B-DD58-488C-8459-E753E1B3CF85} = {0DF0E367-DB03-4AE6-819C-55B2F79DFC05}
		{7D54BCD4-6CE7-4214-97C5-03AA0AD9E2EC} = {0DF0E367-DB03-4AE6-819C-55B2F79DFC05}
		{390E5E2D-5D35-4917-9023-0DE0F5238CCC} = {0DF0E367-DB03-4AE6-819C-55B2F79DFC05}
	EndGlobalSection
	GlobalSection(ExtensibilityGlobals) = postSolution
		SolutionGuid = {BF7AFE70-390D-4333-BC2C-F88A412B3761}
	EndGlobalSection
EndGlobal
